
Microsoft Visual Studio Solution File, Format Version 12.00
# Visual Studio Version 17
VisualStudioVersion = 17.5.002.0
MinimumVisualStudioVersion = 10.0.40219.1
Project("{9A19103F-16F7-4668-BE54-9A1E7A4F7556}") = "Task1", "Task1\Task1.csproj", "{8EA8B41A-2613-4402-A458-67AE11ED7BAF}"
EndProject
Global
	GlobalSection(SolutionConfigurationPlatforms) = preSolution
		Debug|Any CPU = Debug|Any CPU
		Release|Any CPU = Release|Any CPU
	EndGlobalSection
	GlobalSection(ProjectConfigurationPlatforms) = postSolution
		{8EA8B41A-2613-4402-A458-67AE11ED7BAF}.Debug|Any CPU.ActiveCfg = Debug|Any CPU
		{8EA8B41A-2613-4402-A458-67AE11ED7BAF}.Debug|Any CPU.Build.0 = Debug|Any CPU
		{8EA8B41A-2613-4402-A458-67AE11ED7BAF}.Release|Any CPU.ActiveCfg = Release|Any CPU
		{8EA8B41A-2613-4402-A458-67AE11ED7BAF}.Release|Any CPU.Build.0 = Release|Any CPU
	EndGlobalSection
	GlobalSection(SolutionProperties) = preSolution
		HideSolutionNode = FALSE
	EndGlobalSection
	GlobalSection(ExtensibilityGlobals) = postSolution
		SolutionGuid = {75855DA3-DF95-4447-9EC8-77284BBA72E2}
	EndGlobalSection
EndGlobal
